
Microsoft Visual Studio Solution File, Format Version 12.00
# Visual Studio Version 17
VisualStudioVersion = 17.0.32014.148
MinimumVisualStudioVersion = 10.0.40219.1
Project("{FAE04EC0-301F-11D3-BF4B-00C04F79EFBC}") = "sortingAlgos-csharp", "sortingAlgos-csharp.csproj", "{0F0CF4D5-320B-4739-85BB-274DE4727816}"
EndProject
Global
	GlobalSection(SolutionConfigurationPlatforms) = preSolution
		Debug|Any CPU = Debug|Any CPU
		Release|Any CPU = Release|Any CPU
	EndGlobalSection
	GlobalSection(ProjectConfigurationPlatforms) = postSolution
		{0F0CF4D5-320B-4739-85BB-274DE4727816}.Debug|Any CPU.ActiveCfg = Debug|Any CPU
		{0F0CF4D5-320B-4739-85BB-274DE4727816}.Debug|Any CPU.Build.0 = Debug|Any CPU
		{0F0CF4D5-320B-4739-85BB-274DE4727816}.Release|Any CPU.ActiveCfg = Release|Any CPU
		{0F0CF4D5-320B-4739-85BB-274DE4727816}.Release|Any CPU.Build.0 = Release|Any CPU
	EndGlobalSection
	GlobalSection(SolutionProperties) = preSolution
		HideSolutionNode = FALSE
	EndGlobalSection
	GlobalSection(ExtensibilityGlobals) = postSolution
		SolutionGuid = {01B8A3AD-CF2F-4AAD-AF8D-9D8BF1FCE4BA}
	EndGlobalSection
EndGlobal
